
Microsoft Visual Studio Solution File, Format Version 12.00
# Visual Studio Version 17
VisualStudioVersion = 17.2.32516.85
MinimumVisualStudioVersion = 10.0.40219.1
Project("{FAE04EC0-301F-11D3-BF4B-00C04F79EFBC}") = "EmployeeAPI", "EmployeeAPI\EmployeeAPI.csproj", "{2CD25FFD-2494-4F58-9165-93221F391F53}"
EndProject
Global
	GlobalSection(SolutionConfigurationPlatforms) = preSolution
		Debug|Any CPU = Debug|Any CPU
		Release|Any CPU = Release|Any CPU
	EndGlobalSection
	GlobalSection(ProjectConfigurationPlatforms) = postSolution
		{2CD25FFD-2494-4F58-9165-93221F391F53}.Debug|Any CPU.ActiveCfg = Debug|Any CPU
		{2CD25FFD-2494-4F58-9165-93221F391F53}.Debug|Any CPU.Build.0 = Debug|Any CPU
		{2CD25FFD-2494-4F58-9165-93221F391F53}.Release|Any CPU.ActiveCfg = Release|Any CPU
		{2CD25FFD-2494-4F58-9165-93221F391F53}.Release|Any CPU.Build.0 = Release|Any CPU
	EndGlobalSection
	GlobalSection(SolutionProperties) = preSolution
		HideSolutionNode = FALSE
	EndGlobalSection
	GlobalSection(ExtensibilityGlobals) = postSolution
		SolutionGuid = {7C1601E4-920A-4402-A3DA-8D1392CB89A1}
	EndGlobalSection
EndGlobal
